// !$*UTF8*$!
{
	archiveVersion = 1;
	classes = {
	};
	objectVersion = 46;
	objects = {

/* Begin PBXBuildFile section */
		770010781DD607D5004281C9 /* JQMainTabBar.swift in Sources */ = {isa = PBXBuildFile; fileRef = 770010771DD607D5004281C9 /* JQMainTabBar.swift */; };
		7700107C1DD621AB004281C9 /* SearchView.xib in Resources */ = {isa = PBXBuildFile; fileRef = 7700107B1DD621AB004281C9 /* SearchView.xib */; };
		7700107E1DD622CC004281C9 /* JQSearchView.swift in Sources */ = {isa = PBXBuildFile; fileRef = 7700107D1DD622CC004281C9 /* JQSearchView.swift */; };
		770010811DD6B3D9004281C9 /* UIView+Extension.swift in Sources */ = {isa = PBXBuildFile; fileRef = 770010801DD6B3D9004281C9 /* UIView+Extension.swift */; };
		770010831DD6B74D004281C9 /* JQTempController.swift in Sources */ = {isa = PBXBuildFile; fileRef = 770010821DD6B74D004281C9 /* JQTempController.swift */; };
		770010851DD6B8F9004281C9 /* UIBarButtonItem+Extension.swift in Sources */ = {isa = PBXBuildFile; fileRef = 770010841DD6B8F9004281C9 /* UIBarButtonItem+Extension.swift */; };
		770010871DD6BF66004281C9 /* JQMainNavController.swift in Sources */ = {isa = PBXBuildFile; fileRef = 770010861DD6BF66004281C9 /* JQMainNavController.swift */; };
		770010A61DD6F855004281C9 /* JQSearchTextView.swift in Sources */ = {isa = PBXBuildFile; fileRef = 770010A51DD6F855004281C9 /* JQSearchTextView.swift */; };
		770010A81DD6F866004281C9 /* SearchTextView.xib in Resources */ = {isa = PBXBuildFile; fileRef = 770010A71DD6F866004281C9 /* SearchTextView.xib */; };
		77222D721DD406E000B29165 /* AppDelegate.swift in Sources */ = {isa = PBXBuildFile; fileRef = 77222D711DD406E000B29165 /* AppDelegate.swift */; };
		77222D791DD406E000B29165 /* Assets.xcassets in Resources */ = {isa = PBXBuildFile; fileRef = 77222D781DD406E000B29165 /* Assets.xcassets */; };
		77222DAE1DD4248600B29165 /* JQTabBarController.swift in Sources */ = {isa = PBXBuildFile; fileRef = 77222DAD1DD4248600B29165 /* JQTabBarController.swift */; };
		77222DB41DD424D900B29165 /* JQMessageController.swift in Sources */ = {isa = PBXBuildFile; fileRef = 77222DB31DD424D900B29165 /* JQMessageController.swift */; };
		77222DB61DD424EA00B29165 /* JQDiscoverController.swift in Sources */ = {isa = PBXBuildFile; fileRef = 77222DB51DD424EA00B29165 /* JQDiscoverController.swift */; };
		77222DB81DD424FB00B29165 /* JQProfileController.swift in Sources */ = {isa = PBXBuildFile; fileRef = 77222DB71DD424FB00B29165 /* JQProfileController.swift */; };
		77222DBA1DD4277200B29165 /* JQHomeController.swift in Sources */ = {isa = PBXBuildFile; fileRef = 77222DB91DD4277200B29165 /* JQHomeController.swift */; };
		7741BDDD1DE68486008201FC /* Emoticons.bundle in Resources */ = {isa = PBXBuildFile; fileRef = 7741BDCE1DE68486008201FC /* Emoticons.bundle */; };
		7741BDDE1DE68486008201FC /* HMEmoticon.swift in Sources */ = {isa = PBXBuildFile; fileRef = 7741BDCF1DE68486008201FC /* HMEmoticon.swift */; };
		7741BDDF1DE68486008201FC /* HMEmoticonButtton.swift in Sources */ = {isa = PBXBuildFile; fileRef = 7741BDD01DE68486008201FC /* HMEmoticonButtton.swift */; };
		7741BDE01DE68486008201FC /* HMEmoticonCell.swift in Sources */ = {isa = PBXBuildFile; fileRef = 7741BDD11DE68486008201FC /* HMEmoticonCell.swift */; };
		7741BDE11DE68486008201FC /* HMEmoticonKeyboardView.swift in Sources */ = {isa = PBXBuildFile; fileRef = 7741BDD21DE68486008201FC /* HMEmoticonKeyboardView.swift */; };
		7741BDE21DE68486008201FC /* HMEmoticonPopoView.swift in Sources */ = {isa = PBXBuildFile; fileRef = 7741BDD31DE68486008201FC /* HMEmoticonPopoView.swift */; };
		7741BDE31DE68486008201FC /* HMEmoticonPopoView.xib in Resources */ = {isa = PBXBuildFile; fileRef = 7741BDD41DE68486008201FC /* HMEmoticonPopoView.xib */; };
		7741BDE41DE68486008201FC /* HMEmoticonTextView.swift in Sources */ = {isa = PBXBuildFile; fileRef = 7741BDD51DE68486008201FC /* HMEmoticonTextView.swift */; };
		7741BDE51DE68486008201FC /* HMEmoticonToolBar.swift in Sources */ = {isa = PBXBuildFile; fileRef = 7741BDD61DE68486008201FC /* HMEmoticonToolBar.swift */; };
		7741BDE61DE68486008201FC /* HMEmoticonTools.swift in Sources */ = {isa = PBXBuildFile; fileRef = 7741BDD71DE68486008201FC /* HMEmoticonTools.swift */; };
		7741BDE71DE68486008201FC /* HMTextAttachment.swift in Sources */ = {isa = PBXBuildFile; fileRef = 7741BDD81DE68486008201FC /* HMTextAttachment.swift */; };
		7741BDE81DE68486008201FC /* KeyboadBundle.bundle in Resources */ = {isa = PBXBuildFile; fileRef = 7741BDD91DE68486008201FC /* KeyboadBundle.bundle */; };
		7741BDE91DE68486008201FC /* NSString+HMEmoji.m in Sources */ = {isa = PBXBuildFile; fileRef = 7741BDDC1DE68486008201FC /* NSString+HMEmoji.m */; };
		77439AC31DE44256005D716E /* JQEmotionKeyboardView.swift in Sources */ = {isa = PBXBuildFile; fileRef = 77439AC21DE44256005D716E /* JQEmotionKeyboardView.swift */; };
		77464CC81DE1F9B30064DA2D /* JQComposeView.swift in Sources */ = {isa = PBXBuildFile; fileRef = 77464CC71DE1F9B30064DA2D /* JQComposeView.swift */; };
		77464CCC1DE204BC0064DA2D /* UIImage+ImageEffects.m in Sources */ = {isa = PBXBuildFile; fileRef = 77464CCB1DE204BC0064DA2D /* UIImage+ImageEffects.m */; };
		77464CCE1DE20C420064DA2D /* JQComposeButton.swift in Sources */ = {isa = PBXBuildFile; fileRef = 77464CCD1DE20C420064DA2D /* JQComposeButton.swift */; };
		77464CD01DE293B80064DA2D /* compose.plist in Resources */ = {isa = PBXBuildFile; fileRef = 77464CCF1DE293B80064DA2D /* compose.plist */; };
		77464CD21DE294550064DA2D /* JQCompose.swift in Sources */ = {isa = PBXBuildFile; fileRef = 77464CD11DE294550064DA2D /* JQCompose.swift */; };
		77464CD41DE2C8030064DA2D /* JQComposeController.swift in Sources */ = {isa = PBXBuildFile; fileRef = 77464CD31DE2C8030064DA2D /* JQComposeController.swift */; };
		775779B41DE3DAD400B970C2 /* JQPictureController.swift in Sources */ = {isa = PBXBuildFile; fileRef = 775779B31DE3DAD400B970C2 /* JQPictureController.swift */; };
		775A71611DD80744007B8626 /* JQBaseTableController.swift in Sources */ = {isa = PBXBuildFile; fileRef = 775A71601DD80743007B8626 /* JQBaseTableController.swift */; };
		775A71631DD80D84007B8626 /* JQVisitorView.swift in Sources */ = {isa = PBXBuildFile; fileRef = 775A71621DD80D84007B8626 /* JQVisitorView.swift */; };
		775A71651DD80FFB007B8626 /* UILabel+Extension.swift in Sources */ = {isa = PBXBuildFile; fileRef = 775A71641DD80FFB007B8626 /* UILabel+Extension.swift */; };
		775A71671DD81154007B8626 /* UIButton+Extension.swift in Sources */ = {isa = PBXBuildFile; fileRef = 775A71661DD81154007B8626 /* UIButton+Extension.swift */; };
		775A72471DD9A61E007B8626 /* UIImage+Extension.swift in Sources */ = {isa = PBXBuildFile; fileRef = 775A72461DD9A61E007B8626 /* UIImage+Extension.swift */; };
		775A724A1DD9B7E0007B8626 /* JQOAuthController.swift in Sources */ = {isa = PBXBuildFile; fileRef = 775A72491DD9B7E0007B8626 /* JQOAuthController.swift */; };
		775A724D1DD9BAAD007B8626 /* Common.swift in Sources */ = {isa = PBXBuildFile; fileRef = 775A724C1DD9BAAD007B8626 /* Common.swift */; };
		775A72531DDA017A007B8626 /* ProgressView.swift in Sources */ = {isa = PBXBuildFile; fileRef = 775A72521DDA017A007B8626 /* ProgressView.swift */; };
		775A72551DDA1413007B8626 /* JQNetworkTools.swift in Sources */ = {isa = PBXBuildFile; fileRef = 775A72541DDA1413007B8626 /* JQNetworkTools.swift */; };
		775A72571DDA1F08007B8626 /* JQUserAccount.swift in Sources */ = {isa = PBXBuildFile; fileRef = 775A72561DDA1F08007B8626 /* JQUserAccount.swift */; };
		775A72641DDAA9BF007B8626 /* Date+Extension.swift in Sources */ = {isa = PBXBuildFile; fileRef = 775A72601DDAA9BF007B8626 /* Date+Extension.swift */; };
		775A72651DDAA9BF007B8626 /* NSAttributeString+Extension.swift in Sources */ = {isa = PBXBuildFile; fileRef = 775A72611DDAA9BF007B8626 /* NSAttributeString+Extension.swift */; };
		775A72661DDAA9BF007B8626 /* NSString+Extension.swift in Sources */ = {isa = PBXBuildFile; fileRef = 775A72621DDAA9BF007B8626 /* NSString+Extension.swift */; };
		775A72671DDAA9BF007B8626 /* UIColor+Extension.swift in Sources */ = {isa = PBXBuildFile; fileRef = 775A72631DDAA9BF007B8626 /* UIColor+Extension.swift */; };
		775A72691DDAC430007B8626 /* JQUserAccountViewModel.swift in Sources */ = {isa = PBXBuildFile; fileRef = 775A72681DDAC430007B8626 /* JQUserAccountViewModel.swift */; };
		775A726B1DDAFB77007B8626 /* JQWelcomeController.swift in Sources */ = {isa = PBXBuildFile; fileRef = 775A726A1DDAFB77007B8626 /* JQWelcomeController.swift */; };
		77CA30851DDC0F2C003E13FC /* JQStatus.swift in Sources */ = {isa = PBXBuildFile; fileRef = 77CA30841DDC0F2C003E13FC /* JQStatus.swift */; };
		77CA30871DDC3483003E13FC /* JQStatusPictureInfo.swift in Sources */ = {isa = PBXBuildFile; fileRef = 77CA30861DDC3483003E13FC /* JQStatusPictureInfo.swift */; };
		77CA30891DDC34C3003E13FC /* JQUser.swift in Sources */ = {isa = PBXBuildFile; fileRef = 77CA30881DDC34C3003E13FC /* JQUser.swift */; };
		77CA308B1DDC3592003E13FC /* JQHomeViewModel.swift in Sources */ = {isa = PBXBuildFile; fileRef = 77CA308A1DDC3592003E13FC /* JQHomeViewModel.swift */; };
		77CA308D1DDC3833003E13FC /* JQStatusViewModel.swift in Sources */ = {isa = PBXBuildFile; fileRef = 77CA308C1DDC3833003E13FC /* JQStatusViewModel.swift */; };
		77CA30901DDC401D003E13FC /* JQStatusCell.swift in Sources */ = {isa = PBXBuildFile; fileRef = 77CA308E1DDC401D003E13FC /* JQStatusCell.swift */; };
		77CA30911DDC401D003E13FC /* JQStatusCell.xib in Resources */ = {isa = PBXBuildFile; fileRef = 77CA308F1DDC401D003E13FC /* JQStatusCell.xib */; };
		77CA30931DDCBBF3003E13FC /* JQPictureView.swift in Sources */ = {isa = PBXBuildFile; fileRef = 77CA30921DDCBBF3003E13FC /* JQPictureView.swift */; };
		77D143FB1DDE9F1400F8E14D /* JQRetweetedStatus.xib in Resources */ = {isa = PBXBuildFile; fileRef = 77D143FA1DDE9F1400F8E14D /* JQRetweetedStatus.xib */; };
		77D144011DDFFDC300F8E14D /* String+Extension.swift in Sources */ = {isa = PBXBuildFile; fileRef = 77D144001DDFFDC300F8E14D /* String+Extension.swift */; };
		E29DB6FA40EE99DA7E11FDA6 /* Pods_SinaSwiftPractice.framework in Frameworks */ = {isa = PBXBuildFile; fileRef = D1E8C4E89C41C9CDA9D8495D /* Pods_SinaSwiftPractice.framework */; };
/* End PBXBuildFile section */

/* Begin PBXFileReference section */
		12B6F72F1B2BDC0CB94C67E5 /* Pods-SinaSwiftPractice.debug.xcconfig */ = {isa = PBXFileReference; includeInIndex = 1; lastKnownFileType = text.xcconfig; name = "Pods-SinaSwiftPractice.debug.xcconfig"; path = "Pods/Target Support Files/Pods-SinaSwiftPractice/Pods-SinaSwiftPractice.debug.xcconfig"; sourceTree = "<group>"; };
		770010771DD607D5004281C9 /* JQMainTabBar.swift */ = {isa = PBXFileReference; fileEncoding = 4; lastKnownFileType = sourcecode.swift; path = JQMainTabBar.swift; sourceTree = "<group>"; };
		7700107B1DD621AB004281C9 /* SearchView.xib */ = {isa = PBXFileReference; fileEncoding = 4; lastKnownFileType = file.xib; path = SearchView.xib; sourceTree = "<group>"; };
		7700107D1DD622CC004281C9 /* JQSearchView.swift */ = {isa = PBXFileReference; fileEncoding = 4; lastKnownFileType = sourcecode.swift; path = JQSearchView.swift; sourceTree = "<group>"; };
		770010801DD6B3D9004281C9 /* UIView+Extension.swift */ = {isa = PBXFileReference; fileEncoding = 4; lastKnownFileType = sourcecode.swift; path = "UIView+Extension.swift"; sourceTree = "<group>"; };
		770010821DD6B74D004281C9 /* JQTempController.swift */ = {isa = PBXFileReference; fileEncoding = 4; lastKnownFileType = sourcecode.swift; path = JQTempController.swift; sourceTree = "<group>"; };
		770010841DD6B8F9004281C9 /* UIBarButtonItem+Extension.swift */ = {isa = PBXFileReference; fileEncoding = 4; lastKnownFileType = sourcecode.swift; path = "UIBarButtonItem+Extension.swift"; sourceTree = "<group>"; };
		770010861DD6BF66004281C9 /* JQMainNavController.swift */ = {isa = PBXFileReference; fileEncoding = 4; lastKnownFileType = sourcecode.swift; path = JQMainNavController.swift; sourceTree = "<group>"; };
		770010A51DD6F855004281C9 /* JQSearchTextView.swift */ = {isa = PBXFileReference; fileEncoding = 4; lastKnownFileType = sourcecode.swift; path = JQSearchTextView.swift; sourceTree = "<group>"; };
		770010A71DD6F866004281C9 /* SearchTextView.xib */ = {isa = PBXFileReference; fileEncoding = 4; lastKnownFileType = file.xib; path = SearchTextView.xib; sourceTree = "<group>"; };
		77222D6E1DD406E000B29165 /* SinaSwiftPractice.app */ = {isa = PBXFileReference; explicitFileType = wrapper.application; includeInIndex = 0; path = SinaSwiftPractice.app; sourceTree = BUILT_PRODUCTS_DIR; };
		77222D711DD406E000B29165 /* AppDelegate.swift */ = {isa = PBXFileReference; lastKnownFileType = sourcecode.swift; path = AppDelegate.swift; sourceTree = "<group>"; };
		77222D781DD406E000B29165 /* Assets.xcassets */ = {isa = PBXFileReference; lastKnownFileType = folder.assetcatalog; path = Assets.xcassets; sourceTree = "<group>"; };
		77222D7D1DD406E000B29165 /* Info.plist */ = {isa = PBXFileReference; lastKnownFileType = text.plist.xml; path = Info.plist; sourceTree = "<group>"; };
		77222DAD1DD4248600B29165 /* JQTabBarController.swift */ = {isa = PBXFileReference; fileEncoding = 4; lastKnownFileType = sourcecode.swift; path = JQTabBarController.swift; sourceTree = "<group>"; };
		77222DB31DD424D900B29165 /* JQMessageController.swift */ = {isa = PBXFileReference; fileEncoding = 4; lastKnownFileType = sourcecode.swift; path = JQMessageController.swift; sourceTree = "<group>"; };
		77222DB51DD424EA00B29165 /* JQDiscoverController.swift */ = {isa = PBXFileReference; fileEncoding = 4; lastKnownFileType = sourcecode.swift; path = JQDiscoverController.swift; sourceTree = "<group>"; };
		77222DB71DD424FB00B29165 /* JQProfileController.swift */ = {isa = PBXFileReference; fileEncoding = 4; lastKnownFileType = sourcecode.swift; path = JQProfileController.swift; sourceTree = "<group>"; };
		77222DB91DD4277200B29165 /* JQHomeController.swift */ = {isa = PBXFileReference; fileEncoding = 4; lastKnownFileType = sourcecode.swift; path = JQHomeController.swift; sourceTree = "<group>"; };
		7741BDCE1DE68486008201FC /* Emoticons.bundle */ = {isa = PBXFileReference; lastKnownFileType = "wrapper.plug-in"; path = Emoticons.bundle; sourceTree = "<group>"; };
		7741BDCF1DE68486008201FC /* HMEmoticon.swift */ = {isa = PBXFileReference; fileEncoding = 4; lastKnownFileType = sourcecode.swift; path = HMEmoticon.swift; sourceTree = "<group>"; };
		7741BDD01DE68486008201FC /* HMEmoticonButtton.swift */ = {isa = PBXFileReference; fileEncoding = 4; lastKnownFileType = sourcecode.swift; path = HMEmoticonButtton.swift; sourceTree = "<group>"; };
		7741BDD11DE68486008201FC /* HMEmoticonCell.swift */ = {isa = PBXFileReference; fileEncoding = 4; lastKnownFileType = sourcecode.swift; path = HMEmoticonCell.swift; sourceTree = "<group>"; };
		7741BDD21DE68486008201FC /* HMEmoticonKeyboardView.swift */ = {isa = PBXFileReference; fileEncoding = 4; lastKnownFileType = sourcecode.swift; path = HMEmoticonKeyboardView.swift; sourceTree = "<group>"; };
		7741BDD31DE68486008201FC /* HMEmoticonPopoView.swift */ = {isa = PBXFileReference; fileEncoding = 4; lastKnownFileType = sourcecode.swift; path = HMEmoticonPopoView.swift; sourceTree = "<group>"; };
		7741BDD41DE68486008201FC /* HMEmoticonPopoView.xib */ = {isa = PBXFileReference; fileEncoding = 4; lastKnownFileType = file.xib; path = HMEmoticonPopoView.xib; sourceTree = "<group>"; };
		7741BDD51DE68486008201FC /* HMEmoticonTextView.swift */ = {isa = PBXFileReference; fileEncoding = 4; lastKnownFileType = sourcecode.swift; path = HMEmoticonTextView.swift; sourceTree = "<group>"; };
		7741BDD61DE68486008201FC /* HMEmoticonToolBar.swift */ = {isa = PBXFileReference; fileEncoding = 4; lastKnownFileType = sourcecode.swift; path = HMEmoticonToolBar.swift; sourceTree = "<group>"; };
		7741BDD71DE68486008201FC /* HMEmoticonTools.swift */ = {isa = PBXFileReference; fileEncoding = 4; lastKnownFileType = sourcecode.swift; path = HMEmoticonTools.swift; sourceTree = "<group>"; };
		7741BDD81DE68486008201FC /* HMTextAttachment.swift */ = {isa = PBXFileReference; fileEncoding = 4; lastKnownFileType = sourcecode.swift; path = HMTextAttachment.swift; sourceTree = "<group>"; };
		7741BDD91DE68486008201FC /* KeyboadBundle.bundle */ = {isa = PBXFileReference; lastKnownFileType = "wrapper.plug-in"; path = KeyboadBundle.bundle; sourceTree = "<group>"; };
		7741BDDB1DE68486008201FC /* NSString+HMEmoji.h */ = {isa = PBXFileReference; fileEncoding = 4; lastKnownFileType = sourcecode.c.h; path = "NSString+HMEmoji.h"; sourceTree = "<group>"; };
		7741BDDC1DE68486008201FC /* NSString+HMEmoji.m */ = {isa = PBXFileReference; fileEncoding = 4; lastKnownFileType = sourcecode.c.objc; path = "NSString+HMEmoji.m"; sourceTree = "<group>"; };
		77439AC21DE44256005D716E /* JQEmotionKeyboardView.swift */ = {isa = PBXFileReference; fileEncoding = 4; lastKnownFileType = sourcecode.swift; path = JQEmotionKeyboardView.swift; sourceTree = "<group>"; };
		77464CC71DE1F9B30064DA2D /* JQComposeView.swift */ = {isa = PBXFileReference; fileEncoding = 4; lastKnownFileType = sourcecode.swift; path = JQComposeView.swift; sourceTree = "<group>"; };
		77464CCA1DE204BC0064DA2D /* UIImage+ImageEffects.h */ = {isa = PBXFileReference; fileEncoding = 4; lastKnownFileType = sourcecode.c.h; path = "UIImage+ImageEffects.h"; sourceTree = "<group>"; };
		77464CCB1DE204BC0064DA2D /* UIImage+ImageEffects.m */ = {isa = PBXFileReference; fileEncoding = 4; lastKnownFileType = sourcecode.c.objc; path = "UIImage+ImageEffects.m"; sourceTree = "<group>"; };
		77464CCD1DE20C420064DA2D /* JQComposeButton.swift */ = {isa = PBXFileReference; fileEncoding = 4; lastKnownFileType = sourcecode.swift; path = JQComposeButton.swift; sourceTree = "<group>"; };
		77464CCF1DE293B80064DA2D /* compose.plist */ = {isa = PBXFileReference; fileEncoding = 4; lastKnownFileType = text.plist.xml; path = compose.plist; sourceTree = "<group>"; };
		77464CD11DE294550064DA2D /* JQCompose.swift */ = {isa = PBXFileReference; fileEncoding = 4; lastKnownFileType = sourcecode.swift; path = JQCompose.swift; sourceTree = "<group>"; };
		77464CD31DE2C8030064DA2D /* JQComposeController.swift */ = {isa = PBXFileReference; fileEncoding = 4; lastKnownFileType = sourcecode.swift; path = JQComposeController.swift; sourceTree = "<group>"; };
		775779B31DE3DAD400B970C2 /* JQPictureController.swift */ = {isa = PBXFileReference; fileEncoding = 4; lastKnownFileType = sourcecode.swift; path = JQPictureController.swift; sourceTree = "<group>"; };
		775A71601DD80743007B8626 /* JQBaseTableController.swift */ = {isa = PBXFileReference; fileEncoding = 4; lastKnownFileType = sourcecode.swift; path = JQBaseTableController.swift; sourceTree = "<group>"; };
		775A71621DD80D84007B8626 /* JQVisitorView.swift */ = {isa = PBXFileReference; fileEncoding = 4; lastKnownFileType = sourcecode.swift; path = JQVisitorView.swift; sourceTree = "<group>"; };
		775A71641DD80FFB007B8626 /* UILabel+Extension.swift */ = {isa = PBXFileReference; fileEncoding = 4; lastKnownFileType = sourcecode.swift; path = "UILabel+Extension.swift"; sourceTree = "<group>"; };
		775A71661DD81154007B8626 /* UIButton+Extension.swift */ = {isa = PBXFileReference; fileEncoding = 4; lastKnownFileType = sourcecode.swift; path = "UIButton+Extension.swift"; sourceTree = "<group>"; };
		775A72461DD9A61E007B8626 /* UIImage+Extension.swift */ = {isa = PBXFileReference; fileEncoding = 4; lastKnownFileType = sourcecode.swift; path = "UIImage+Extension.swift"; sourceTree = "<group>"; };
		775A72491DD9B7E0007B8626 /* JQOAuthController.swift */ = {isa = PBXFileReference; fileEncoding = 4; lastKnownFileType = sourcecode.swift; path = JQOAuthController.swift; sourceTree = "<group>"; };
		775A724C1DD9BAAD007B8626 /* Common.swift */ = {isa = PBXFileReference; fileEncoding = 4; lastKnownFileType = sourcecode.swift; path = Common.swift; sourceTree = "<group>"; };
		775A72521DDA017A007B8626 /* ProgressView.swift */ = {isa = PBXFileReference; fileEncoding = 4; lastKnownFileType = sourcecode.swift; path = ProgressView.swift; sourceTree = "<group>"; };
		775A72541DDA1413007B8626 /* JQNetworkTools.swift */ = {isa = PBXFileReference; fileEncoding = 4; lastKnownFileType = sourcecode.swift; path = JQNetworkTools.swift; sourceTree = "<group>"; };
		775A72561DDA1F08007B8626 /* JQUserAccount.swift */ = {isa = PBXFileReference; fileEncoding = 4; lastKnownFileType = sourcecode.swift; path = JQUserAccount.swift; sourceTree = "<group>"; };
		775A725C1DDAA962007B8626 /* SinaSwiftPractice-Bridging-Header.h */ = {isa = PBXFileReference; lastKnownFileType = sourcecode.c.h; name = "SinaSwiftPractice-Bridging-Header.h"; path = "../Tools/Extension/SinaSwiftPractice-Bridging-Header.h"; sourceTree = "<group>"; };
		775A72601DDAA9BF007B8626 /* Date+Extension.swift */ = {isa = PBXFileReference; fileEncoding = 4; lastKnownFileType = sourcecode.swift; path = "Date+Extension.swift"; sourceTree = "<group>"; };
		775A72611DDAA9BF007B8626 /* NSAttributeString+Extension.swift */ = {isa = PBXFileReference; fileEncoding = 4; lastKnownFileType = sourcecode.swift; path = "NSAttributeString+Extension.swift"; sourceTree = "<group>"; };
		775A72621DDAA9BF007B8626 /* NSString+Extension.swift */ = {isa = PBXFileReference; fileEncoding = 4; lastKnownFileType = sourcecode.swift; path = "NSString+Extension.swift"; sourceTree = "<group>"; };
		775A72631DDAA9BF007B8626 /* UIColor+Extension.swift */ = {isa = PBXFileReference; fileEncoding = 4; lastKnownFileType = sourcecode.swift; path = "UIColor+Extension.swift"; sourceTree = "<group>"; };
		775A72681DDAC430007B8626 /* JQUserAccountViewModel.swift */ = {isa = PBXFileReference; fileEncoding = 4; lastKnownFileType = sourcecode.swift; name = JQUserAccountViewModel.swift; path = ../Model/JQUserAccountViewModel.swift; sourceTree = "<group>"; };
		775A726A1DDAFB77007B8626 /* JQWelcomeController.swift */ = {isa = PBXFileReference; fileEncoding = 4; lastKnownFileType = sourcecode.swift; path = JQWelcomeController.swift; sourceTree = "<group>"; };
		77CA30841DDC0F2C003E13FC /* JQStatus.swift */ = {isa = PBXFileReference; fileEncoding = 4; lastKnownFileType = sourcecode.swift; path = JQStatus.swift; sourceTree = "<group>"; };
		77CA30861DDC3483003E13FC /* JQStatusPictureInfo.swift */ = {isa = PBXFileReference; fileEncoding = 4; lastKnownFileType = sourcecode.swift; path = JQStatusPictureInfo.swift; sourceTree = "<group>"; };
		77CA30881DDC34C3003E13FC /* JQUser.swift */ = {isa = PBXFileReference; fileEncoding = 4; lastKnownFileType = sourcecode.swift; path = JQUser.swift; sourceTree = "<group>"; };
		77CA308A1DDC3592003E13FC /* JQHomeViewModel.swift */ = {isa = PBXFileReference; fileEncoding = 4; lastKnownFileType = sourcecode.swift; path = JQHomeViewModel.swift; sourceTree = "<group>"; };
		77CA308C1DDC3833003E13FC /* JQStatusViewModel.swift */ = {isa = PBXFileReference; fileEncoding = 4; lastKnownFileType = sourcecode.swift; path = JQStatusViewModel.swift; sourceTree = "<group>"; };
		77CA308E1DDC401D003E13FC /* JQStatusCell.swift */ = {isa = PBXFileReference; fileEncoding = 4; lastKnownFileType = sourcecode.swift; path = JQStatusCell.swift; sourceTree = "<group>"; };
		77CA308F1DDC401D003E13FC /* JQStatusCell.xib */ = {isa = PBXFileReference; fileEncoding = 4; lastKnownFileType = file.xib; path = JQStatusCell.xib; sourceTree = "<group>"; };
		77CA30921DDCBBF3003E13FC /* JQPictureView.swift */ = {isa = PBXFileReference; fileEncoding = 4; lastKnownFileType = sourcecode.swift; path = JQPictureView.swift; sourceTree = "<group>"; };
		77D143FA1DDE9F1400F8E14D /* JQRetweetedStatus.xib */ = {isa = PBXFileReference; fileEncoding = 4; lastKnownFileType = file.xib; path = JQRetweetedStatus.xib; sourceTree = "<group>"; };
		77D144001DDFFDC300F8E14D /* String+Extension.swift */ = {isa = PBXFileReference; fileEncoding = 4; lastKnownFileType = sourcecode.swift; path = "String+Extension.swift"; sourceTree = "<group>"; };
		D1E8C4E89C41C9CDA9D8495D /* Pods_SinaSwiftPractice.framework */ = {isa = PBXFileReference; explicitFileType = wrapper.framework; includeInIndex = 0; path = Pods_SinaSwiftPractice.framework; sourceTree = BUILT_PRODUCTS_DIR; };
		E94674E99D48EF399B462D31 /* Pods-SinaSwiftPractice.release.xcconfig */ = {isa = PBXFileReference; includeInIndex = 1; lastKnownFileType = text.xcconfig; name = "Pods-SinaSwiftPractice.release.xcconfig"; path = "Pods/Target Support Files/Pods-SinaSwiftPractice/Pods-SinaSwiftPractice.release.xcconfig"; sourceTree = "<group>"; };
/* End PBXFileReference section */

/* Begin PBXFrameworksBuildPhase section */
		77222D6B1DD406E000B29165 /* Frameworks */ = {
			isa = PBXFrameworksBuildPhase;
			buildActionMask = 2147483647;
			files = (
				E29DB6FA40EE99DA7E11FDA6 /* Pods_SinaSwiftPractice.framework in Frameworks */,
			);
			runOnlyForDeploymentPostprocessing = 0;
		};
/* End PBXFrameworksBuildPhase section */

/* Begin PBXGroup section */
		094A581A0B84D70E0E1E8044 /* Pods */ = {
			isa = PBXGroup;
			children = (
				12B6F72F1B2BDC0CB94C67E5 /* Pods-SinaSwiftPractice.debug.xcconfig */,
				E94674E99D48EF399B462D31 /* Pods-SinaSwiftPractice.release.xcconfig */,
			);
			name = Pods;
			sourceTree = "<group>";
		};
		7700107F1DD6B3B2004281C9 /* Extension */ = {
			isa = PBXGroup;
			children = (
				770010801DD6B3D9004281C9 /* UIView+Extension.swift */,
				770010841DD6B8F9004281C9 /* UIBarButtonItem+Extension.swift */,
				775A71641DD80FFB007B8626 /* UILabel+Extension.swift */,
				775A71661DD81154007B8626 /* UIButton+Extension.swift */,
				775A72461DD9A61E007B8626 /* UIImage+Extension.swift */,
				775A72601DDAA9BF007B8626 /* Date+Extension.swift */,
				775A72611DDAA9BF007B8626 /* NSAttributeString+Extension.swift */,
				775A72621DDAA9BF007B8626 /* NSString+Extension.swift */,
				77D144001DDFFDC300F8E14D /* String+Extension.swift */,
				775A72631DDAA9BF007B8626 /* UIColor+Extension.swift */,
			);
			path = Extension;
			sourceTree = "<group>";
		};
		77222D651DD406E000B29165 = {
			isa = PBXGroup;
			children = (
				77222D701DD406E000B29165 /* SinaSwiftPractice */,
				77222D6F1DD406E000B29165 /* Products */,
				094A581A0B84D70E0E1E8044 /* Pods */,
				E36C8EFA0B5ADCBBDBFC8EE0 /* Frameworks */,
			);
			sourceTree = "<group>";
		};
		77222D6F1DD406E000B29165 /* Products */ = {
			isa = PBXGroup;
			children = (
				77222D6E1DD406E000B29165 /* SinaSwiftPractice.app */,
			);
			name = Products;
			sourceTree = "<group>";
		};
		77222D701DD406E000B29165 /* SinaSwiftPractice */ = {
			isa = PBXGroup;
			children = (
				77222D831DD40C3600B29165 /* Classes */,
				77222D711DD406E000B29165 /* AppDelegate.swift */,
				77222D781DD406E000B29165 /* Assets.xcassets */,
				77222D7D1DD406E000B29165 /* Info.plist */,
			);
			path = SinaSwiftPractice;
			sourceTree = "<group>";
		};
		77222D831DD40C3600B29165 /* Classes */ = {
			isa = PBXGroup;
			children = (
				77222D871DD40C3600B29165 /* View */,
				77222D841DD40C3600B29165 /* Model */,
				77222D971DD40C3600B29165 /* ViewModel */,
				77222D861DD40C3600B29165 /* Tools */,
				77222D851DD40C3600B29165 /* Other */,
			);
			path = Classes;
			sourceTree = "<group>";
		};
		77222D841DD40C3600B29165 /* Model */ = {
			isa = PBXGroup;
			children = (
				775A72561DDA1F08007B8626 /* JQUserAccount.swift */,
				77CA30841DDC0F2C003E13FC /* JQStatus.swift */,
				77CA30861DDC3483003E13FC /* JQStatusPictureInfo.swift */,
				77CA30881DDC34C3003E13FC /* JQUser.swift */,
				77464CD11DE294550064DA2D /* JQCompose.swift */,
			);
			path = Model;
			sourceTree = "<group>";
		};
		77222D851DD40C3600B29165 /* Other */ = {
			isa = PBXGroup;
			children = (
				775A725C1DDAA962007B8626 /* SinaSwiftPractice-Bridging-Header.h */,
				770010821DD6B74D004281C9 /* JQTempController.swift */,
			);
			path = Other;
			sourceTree = "<group>";
		};
		77222D861DD40C3600B29165 /* Tools */ = {
			isa = PBXGroup;
			children = (
				7741BDCD1DE68486008201FC /* EmoticonKeyboard(完整版) */,
				7741BDDA1DE68486008201FC /* NSStringEmoji */,
				77464CC91DE204BC0064DA2D /* UIImage+Effects */,
				775A724B1DD9BA82007B8626 /* Network */,
				7700107F1DD6B3B2004281C9 /* Extension */,
			);
			path = Tools;
			sourceTree = "<group>";
		};
		77222D871DD40C3600B29165 /* View */ = {
			isa = PBXGroup;
			children = (
				77464CC41DE1F9780064DA2D /* Compose */,
				775A72481DD9B77F007B8626 /* OAuth */,
				77222D8E1DD40C3600B29165 /* Main */,
				77222D8B1DD40C3600B29165 /* Home */,
				77222D911DD40C3600B29165 /* Message */,
				77222D881DD40C3600B29165 /* Discover */,
				77222D941DD40C3600B29165 /* Profile */,
			);
			path = View;
			sourceTree = "<group>";
		};
		77222D881DD40C3600B29165 /* Discover */ = {
			isa = PBXGroup;
			children = (
				77222D891DD40C3600B29165 /* Controller */,
				77222D8A1DD40C3600B29165 /* View */,
			);
			path = Discover;
			sourceTree = "<group>";
		};
		77222D891DD40C3600B29165 /* Controller */ = {
			isa = PBXGroup;
			children = (
				77222DB51DD424EA00B29165 /* JQDiscoverController.swift */,
			);
			path = Controller;
			sourceTree = "<group>";
		};
		77222D8A1DD40C3600B29165 /* View */ = {
			isa = PBXGroup;
			children = (
				7700107B1DD621AB004281C9 /* SearchView.xib */,
				7700107D1DD622CC004281C9 /* JQSearchView.swift */,
				770010A51DD6F855004281C9 /* JQSearchTextView.swift */,
				770010A71DD6F866004281C9 /* SearchTextView.xib */,
			);
			path = View;
			sourceTree = "<group>";
		};
		77222D8B1DD40C3600B29165 /* Home */ = {
			isa = PBXGroup;
			children = (
				77222D8C1DD40C3600B29165 /* Controller */,
				77222D8D1DD40C3600B29165 /* View */,
			);
			path = Home;
			sourceTree = "<group>";
		};
		77222D8C1DD40C3600B29165 /* Controller */ = {
			isa = PBXGroup;
			children = (
				77222DB91DD4277200B29165 /* JQHomeController.swift */,
			);
			path = Controller;
			sourceTree = "<group>";
		};
		77222D8D1DD40C3600B29165 /* View */ = {
			isa = PBXGroup;
			children = (
				77CA308E1DDC401D003E13FC /* JQStatusCell.swift */,
				77CA308F1DDC401D003E13FC /* JQStatusCell.xib */,
				77D143FA1DDE9F1400F8E14D /* JQRetweetedStatus.xib */,
				77CA30921DDCBBF3003E13FC /* JQPictureView.swift */,
			);
			path = View;
			sourceTree = "<group>";
		};
		77222D8E1DD40C3600B29165 /* Main */ = {
			isa = PBXGroup;
			children = (
				77222D8F1DD40C3600B29165 /* Controller */,
				77222D901DD40C3600B29165 /* View */,
			);
			path = Main;
			sourceTree = "<group>";
		};
		77222D8F1DD40C3600B29165 /* Controller */ = {
			isa = PBXGroup;
			children = (
				77222DAD1DD4248600B29165 /* JQTabBarController.swift */,
				770010861DD6BF66004281C9 /* JQMainNavController.swift */,
				775A71601DD80743007B8626 /* JQBaseTableController.swift */,
			);
			path = Controller;
			sourceTree = "<group>";
		};
		77222D901DD40C3600B29165 /* View */ = {
			isa = PBXGroup;
			children = (
				770010771DD607D5004281C9 /* JQMainTabBar.swift */,
				775A71621DD80D84007B8626 /* JQVisitorView.swift */,
			);
			path = View;
			sourceTree = "<group>";
		};
		77222D911DD40C3600B29165 /* Message */ = {
			isa = PBXGroup;
			children = (
				77222D921DD40C3600B29165 /* Controller */,
				77222D931DD40C3600B29165 /* View */,
			);
			path = Message;
			sourceTree = "<group>";
		};
		77222D921DD40C3600B29165 /* Controller */ = {
			isa = PBXGroup;
			children = (
				77222DB31DD424D900B29165 /* JQMessageController.swift */,
			);
			path = Controller;
			sourceTree = "<group>";
		};
		77222D931DD40C3600B29165 /* View */ = {
			isa = PBXGroup;
			children = (
			);
			path = View;
			sourceTree = "<group>";
		};
		77222D941DD40C3600B29165 /* Profile */ = {
			isa = PBXGroup;
			children = (
				77222D951DD40C3600B29165 /* Controller */,
				77222D961DD40C3600B29165 /* View */,
			);
			path = Profile;
			sourceTree = "<group>";
		};
		77222D951DD40C3600B29165 /* Controller */ = {
			isa = PBXGroup;
			children = (
				77222DB71DD424FB00B29165 /* JQProfileController.swift */,
			);
			path = Controller;
			sourceTree = "<group>";
		};
		77222D961DD40C3600B29165 /* View */ = {
			isa = PBXGroup;
			children = (
			);
			path = View;
			sourceTree = "<group>";
		};
		77222D971DD40C3600B29165 /* ViewModel */ = {
			isa = PBXGroup;
			children = (
				775A72681DDAC430007B8626 /* JQUserAccountViewModel.swift */,
				77CA308A1DDC3592003E13FC /* JQHomeViewModel.swift */,
				77CA308C1DDC3833003E13FC /* JQStatusViewModel.swift */,
			);
			path = ViewModel;
			sourceTree = "<group>";
		};
		7741BDCD1DE68486008201FC /* EmoticonKeyboard(完整版) */ = {
			isa = PBXGroup;
			children = (
				7741BDCE1DE68486008201FC /* Emoticons.bundle */,
				7741BDCF1DE68486008201FC /* HMEmoticon.swift */,
				7741BDD01DE68486008201FC /* HMEmoticonButtton.swift */,
				7741BDD11DE68486008201FC /* HMEmoticonCell.swift */,
				7741BDD21DE68486008201FC /* HMEmoticonKeyboardView.swift */,
				7741BDD31DE68486008201FC /* HMEmoticonPopoView.swift */,
				7741BDD41DE68486008201FC /* HMEmoticonPopoView.xib */,
				7741BDD51DE68486008201FC /* HMEmoticonTextView.swift */,
				7741BDD61DE68486008201FC /* HMEmoticonToolBar.swift */,
				7741BDD71DE68486008201FC /* HMEmoticonTools.swift */,
				7741BDD81DE68486008201FC /* HMTextAttachment.swift */,
				7741BDD91DE68486008201FC /* KeyboadBundle.bundle */,
			);
			path = "EmoticonKeyboard(完整版)";
			sourceTree = "<group>";
		};
		7741BDDA1DE68486008201FC /* NSStringEmoji */ = {
			isa = PBXGroup;
			children = (
				7741BDDB1DE68486008201FC /* NSString+HMEmoji.h */,
				7741BDDC1DE68486008201FC /* NSString+HMEmoji.m */,
			);
			path = NSStringEmoji;
			sourceTree = "<group>";
		};
		77439AC11DE44239005D716E /* Emotion */ = {
			isa = PBXGroup;
			children = (
				77439AC21DE44256005D716E /* JQEmotionKeyboardView.swift */,
			);
			path = Emotion;
			sourceTree = "<group>";
		};
		77464CC41DE1F9780064DA2D /* Compose */ = {
			isa = PBXGroup;
			children = (
				77464CC51DE1F9780064DA2D /* Controller */,
				77464CC61DE1F9780064DA2D /* View */,
			);
			path = Compose;
			sourceTree = "<group>";
		};
		77464CC51DE1F9780064DA2D /* Controller */ = {
			isa = PBXGroup;
			children = (
				77464CD31DE2C8030064DA2D /* JQComposeController.swift */,
				775779B31DE3DAD400B970C2 /* JQPictureController.swift */,
			);
			path = Controller;
			sourceTree = "<group>";
		};
		77464CC61DE1F9780064DA2D /* View */ = {
			isa = PBXGroup;
			children = (
				77439AC11DE44239005D716E /* Emotion */,
				77464CC71DE1F9B30064DA2D /* JQComposeView.swift */,
				77464CCD1DE20C420064DA2D /* JQComposeButton.swift */,
				77464CCF1DE293B80064DA2D /* compose.plist */,
			);
			path = View;
			sourceTree = "<group>";
		};
		77464CC91DE204BC0064DA2D /* UIImage+Effects */ = {
			isa = PBXGroup;
			children = (
				77464CCA1DE204BC0064DA2D /* UIImage+ImageEffects.h */,
				77464CCB1DE204BC0064DA2D /* UIImage+ImageEffects.m */,
			);
			path = "UIImage+Effects";
			sourceTree = "<group>";
		};
		775A72481DD9B77F007B8626 /* OAuth */ = {
			isa = PBXGroup;
			children = (
				775A72491DD9B7E0007B8626 /* JQOAuthController.swift */,
				775A72521DDA017A007B8626 /* ProgressView.swift */,
				775A726A1DDAFB77007B8626 /* JQWelcomeController.swift */,
			);
			path = OAuth;
			sourceTree = "<group>";
		};
		775A724B1DD9BA82007B8626 /* Network */ = {
			isa = PBXGroup;
			children = (
				775A724C1DD9BAAD007B8626 /* Common.swift */,
				775A72541DDA1413007B8626 /* JQNetworkTools.swift */,
			);
			path = Network;
			sourceTree = "<group>";
		};
		E36C8EFA0B5ADCBBDBFC8EE0 /* Frameworks */ = {
			isa = PBXGroup;
			children = (
				D1E8C4E89C41C9CDA9D8495D /* Pods_SinaSwiftPractice.framework */,
			);
			name = Frameworks;
			sourceTree = "<group>";
		};
/* End PBXGroup section */

/* Begin PBXNativeTarget section */
		77222D6D1DD406E000B29165 /* SinaSwiftPractice */ = {
			isa = PBXNativeTarget;
			buildConfigurationList = 77222D801DD406E000B29165 /* Build configuration list for PBXNativeTarget "SinaSwiftPractice" */;
			buildPhases = (
				93D7CB5D8E89FA0BE39918F3 /* [CP] Check Pods Manifest.lock */,
				77222D6A1DD406E000B29165 /* Sources */,
				77222D6B1DD406E000B29165 /* Frameworks */,
				77222D6C1DD406E000B29165 /* Resources */,
				2BEDDDBF3FAF6AE2B0AD7249 /* [CP] Embed Pods Frameworks */,
				75597FBCBE995C0FAEEBBC1A /* [CP] Copy Pods Resources */,
			);
			buildRules = (
			);
			dependencies = (
			);
			name = SinaSwiftPractice;
			productName = SinaSwiftPractice;
			productReference = 77222D6E1DD406E000B29165 /* SinaSwiftPractice.app */;
			productType = "com.apple.product-type.application";
		};
/* End PBXNativeTarget section */

/* Begin PBXProject section */
		77222D661DD406E000B29165 /* Project object */ = {
			isa = PBXProject;
			attributes = {
				CLASSPREFIX = JQ;
				LastSwiftUpdateCheck = 0810;
				LastUpgradeCheck = 0810;
				ORGANIZATIONNAME = maoge;
				TargetAttributes = {
					77222D6D1DD406E000B29165 = {
						CreatedOnToolsVersion = 8.1;
						LastSwiftMigration = 0810;
						ProvisioningStyle = Manual;
					};
				};
			};
			buildConfigurationList = 77222D691DD406E000B29165 /* Build configuration list for PBXProject "SinaSwiftPractice" */;
			compatibilityVersion = "Xcode 3.2";
			developmentRegion = English;
			hasScannedForEncodings = 0;
			knownRegions = (
				en,
				Base,
			);
			mainGroup = 77222D651DD406E000B29165;
			productRefGroup = 77222D6F1DD406E000B29165 /* Products */;
			projectDirPath = "";
			projectRoot = "";
			targets = (
				77222D6D1DD406E000B29165 /* SinaSwiftPractice */,
			);
		};
/* End PBXProject section */

/* Begin PBXResourcesBuildPhase section */
		77222D6C1DD406E000B29165 /* Resources */ = {
			isa = PBXResourcesBuildPhase;
			buildActionMask = 2147483647;
			files = (
				77CA30911DDC401D003E13FC /* JQStatusCell.xib in Resources */,
				770010A81DD6F866004281C9 /* SearchTextView.xib in Resources */,
				7741BDE81DE68486008201FC /* KeyboadBundle.bundle in Resources */,
				7700107C1DD621AB004281C9 /* SearchView.xib in Resources */,
				7741BDE31DE68486008201FC /* HMEmoticonPopoView.xib in Resources */,
				77222D791DD406E000B29165 /* Assets.xcassets in Resources */,
				77D143FB1DDE9F1400F8E14D /* JQRetweetedStatus.xib in Resources */,
				77464CD01DE293B80064DA2D /* compose.plist in Resources */,
				7741BDDD1DE68486008201FC /* Emoticons.bundle in Resources */,
			);
			runOnlyForDeploymentPostprocessing = 0;
		};
/* End PBXResourcesBuildPhase section */

/* Begin PBXShellScriptBuildPhase section */
		2BEDDDBF3FAF6AE2B0AD7249 /* [CP] Embed Pods Frameworks */ = {
			isa = PBXShellScriptBuildPhase;
			buildActionMask = 2147483647;
			files = (
			);
			inputPaths = (
			);
			name = "[CP] Embed Pods Frameworks";
			outputPaths = (
			);
			runOnlyForDeploymentPostprocessing = 0;
			shellPath = /bin/sh;
			shellScript = "\"${SRCROOT}/Pods/Target Support Files/Pods-SinaSwiftPractice/Pods-SinaSwiftPractice-frameworks.sh\"\n";
			showEnvVarsInLog = 0;
		};
		75597FBCBE995C0FAEEBBC1A /* [CP] Copy Pods Resources */ = {
			isa = PBXShellScriptBuildPhase;
			buildActionMask = 2147483647;
			files = (
			);
			inputPaths = (
			);
			name = "[CP] Copy Pods Resources";
			outputPaths = (
			);
			runOnlyForDeploymentPostprocessing = 0;
			shellPath = /bin/sh;
			shellScript = "\"${SRCROOT}/Pods/Target Support Files/Pods-SinaSwiftPractice/Pods-SinaSwiftPractice-resources.sh\"\n";
			showEnvVarsInLog = 0;
		};
		93D7CB5D8E89FA0BE39918F3 /* [CP] Check Pods Manifest.lock */ = {
			isa = PBXShellScriptBuildPhase;
			buildActionMask = 2147483647;
			files = (
			);
			inputPaths = (
			);
			name = "[CP] Check Pods Manifest.lock";
			outputPaths = (
			);
			runOnlyForDeploymentPostprocessing = 0;
			shellPath = /bin/sh;
			shellScript = "diff \"${PODS_ROOT}/../Podfile.lock\" \"${PODS_ROOT}/Manifest.lock\" > /dev/null\nif [ $? != 0 ] ; then\n    # print error to STDERR\n    echo \"error: The sandbox is not in sync with the Podfile.lock. Run 'pod install' or update your CocoaPods installation.\" >&2\n    exit 1\nfi\n";
			showEnvVarsInLog = 0;
		};
/* End PBXShellScriptBuildPhase section */

/* Begin PBXSourcesBuildPhase section */
		77222D6A1DD406E000B29165 /* Sources */ = {
			isa = PBXSourcesBuildPhase;
			buildActionMask = 2147483647;
			files = (
				77439AC31DE44256005D716E /* JQEmotionKeyboardView.swift in Sources */,
				775A724A1DD9B7E0007B8626 /* JQOAuthController.swift in Sources */,
				7741BDE71DE68486008201FC /* HMTextAttachment.swift in Sources */,
				77464CD21DE294550064DA2D /* JQCompose.swift in Sources */,
				7741BDE01DE68486008201FC /* HMEmoticonCell.swift in Sources */,
				77CA30891DDC34C3003E13FC /* JQUser.swift in Sources */,
				770010831DD6B74D004281C9 /* JQTempController.swift in Sources */,
				7741BDE11DE68486008201FC /* HMEmoticonKeyboardView.swift in Sources */,
				77222DB41DD424D900B29165 /* JQMessageController.swift in Sources */,
				77464CD41DE2C8030064DA2D /* JQComposeController.swift in Sources */,
				775A72671DDAA9BF007B8626 /* UIColor+Extension.swift in Sources */,
				7741BDDE1DE68486008201FC /* HMEmoticon.swift in Sources */,
				77464CCE1DE20C420064DA2D /* JQComposeButton.swift in Sources */,
				7700107E1DD622CC004281C9 /* JQSearchView.swift in Sources */,
				775A72471DD9A61E007B8626 /* UIImage+Extension.swift in Sources */,
				775A72661DDAA9BF007B8626 /* NSString+Extension.swift in Sources */,
				775A72641DDAA9BF007B8626 /* Date+Extension.swift in Sources */,
				775A71671DD81154007B8626 /* UIButton+Extension.swift in Sources */,
				77222DB61DD424EA00B29165 /* JQDiscoverController.swift in Sources */,
				770010811DD6B3D9004281C9 /* UIView+Extension.swift in Sources */,
				775A724D1DD9BAAD007B8626 /* Common.swift in Sources */,
				77CA30871DDC3483003E13FC /* JQStatusPictureInfo.swift in Sources */,
				77464CCC1DE204BC0064DA2D /* UIImage+ImageEffects.m in Sources */,
				770010871DD6BF66004281C9 /* JQMainNavController.swift in Sources */,
				775A72651DDAA9BF007B8626 /* NSAttributeString+Extension.swift in Sources */,
				775A726B1DDAFB77007B8626 /* JQWelcomeController.swift in Sources */,
				77CA308D1DDC3833003E13FC /* JQStatusViewModel.swift in Sources */,
				770010851DD6B8F9004281C9 /* UIBarButtonItem+Extension.swift in Sources */,
				775A72531DDA017A007B8626 /* ProgressView.swift in Sources */,
				77222DB81DD424FB00B29165 /* JQProfileController.swift in Sources */,
				775A72551DDA1413007B8626 /* JQNetworkTools.swift in Sources */,
				775A72691DDAC430007B8626 /* JQUserAccountViewModel.swift in Sources */,
				775A71651DD80FFB007B8626 /* UILabel+Extension.swift in Sources */,
				7741BDE61DE68486008201FC /* HMEmoticonTools.swift in Sources */,
				775A71611DD80744007B8626 /* JQBaseTableController.swift in Sources */,
				775A72571DDA1F08007B8626 /* JQUserAccount.swift in Sources */,
				77CA308B1DDC3592003E13FC /* JQHomeViewModel.swift in Sources */,
				7741BDE91DE68486008201FC /* NSString+HMEmoji.m in Sources */,
				77222DBA1DD4277200B29165 /* JQHomeController.swift in Sources */,
				77464CC81DE1F9B30064DA2D /* JQComposeView.swift in Sources */,
				77CA30931DDCBBF3003E13FC /* JQPictureView.swift in Sources */,
				7741BDE41DE68486008201FC /* HMEmoticonTextView.swift in Sources */,
				770010A61DD6F855004281C9 /* JQSearchTextView.swift in Sources */,
				77222DAE1DD4248600B29165 /* JQTabBarController.swift in Sources */,
				7741BDE21DE68486008201FC /* HMEmoticonPopoView.swift in Sources */,
				7741BDE51DE68486008201FC /* HMEmoticonToolBar.swift in Sources */,
				77CA30851DDC0F2C003E13FC /* JQStatus.swift in Sources */,
				775A71631DD80D84007B8626 /* JQVisitorView.swift in Sources */,
				775779B41DE3DAD400B970C2 /* JQPictureController.swift in Sources */,
				7741BDDF1DE68486008201FC /* HMEmoticonButtton.swift in Sources */,
				770010781DD607D5004281C9 /* JQMainTabBar.swift in Sources */,
				77D144011DDFFDC300F8E14D /* String+Extension.swift in Sources */,
				77CA30901DDC401D003E13FC /* JQStatusCell.swift in Sources */,
				77222D721DD406E000B29165 /* AppDelegate.swift in Sources */,
			);
			runOnlyForDeploymentPostprocessing = 0;
		};
/* End PBXSourcesBuildPhase section */

/* Begin XCBuildConfiguration section */
		77222D7E1DD406E000B29165 /* Debug */ = {
			isa = XCBuildConfiguration;
			buildSettings = {
				ALWAYS_SEARCH_USER_PATHS = NO;
				CLANG_ANALYZER_NONNULL = YES;
				CLANG_CXX_LANGUAGE_STANDARD = "gnu++0x";
				CLANG_CXX_LIBRARY = "libc++";
				CLANG_ENABLE_MODULES = YES;
				CLANG_ENABLE_OBJC_ARC = YES;
				CLANG_WARN_BOOL_CONVERSION = YES;
				CLANG_WARN_CONSTANT_CONVERSION = YES;
				CLANG_WARN_DIRECT_OBJC_ISA_USAGE = YES_ERROR;
				CLANG_WARN_DOCUMENTATION_COMMENTS = YES;
				CLANG_WARN_EMPTY_BODY = YES;
				CLANG_WARN_ENUM_CONVERSION = YES;
				CLANG_WARN_INFINITE_RECURSION = YES;
				CLANG_WARN_INT_CONVERSION = YES;
				CLANG_WARN_OBJC_ROOT_CLASS = YES_ERROR;
				CLANG_WARN_SUSPICIOUS_MOVE = YES;
				CLANG_WARN_SUSPICIOUS_MOVES = YES;
				CLANG_WARN_UNREACHABLE_CODE = YES;
				CLANG_WARN__DUPLICATE_METHOD_MATCH = YES;
				"CODE_SIGN_IDENTITY[sdk=iphoneos*]" = "iPhone Developer";
				COPY_PHASE_STRIP = NO;
				DEBUG_INFORMATION_FORMAT = dwarf;
				ENABLE_STRICT_OBJC_MSGSEND = YES;
				ENABLE_TESTABILITY = YES;
				GCC_C_LANGUAGE_STANDARD = gnu99;
				GCC_DYNAMIC_NO_PIC = NO;
				GCC_NO_COMMON_BLOCKS = YES;
				GCC_OPTIMIZATION_LEVEL = 0;
				GCC_PREPROCESSOR_DEFINITIONS = (
					"DEBUG=1",
					"$(inherited)",
				);
				GCC_WARN_64_TO_32_BIT_CONVERSION = YES;
				GCC_WARN_ABOUT_RETURN_TYPE = YES_ERROR;
				GCC_WARN_UNDECLARED_SELECTOR = YES;
				GCC_WARN_UNINITIALIZED_AUTOS = YES_AGGRESSIVE;
				GCC_WARN_UNUSED_FUNCTION = YES;
				GCC_WARN_UNUSED_VARIABLE = YES;
				IPHONEOS_DEPLOYMENT_TARGET = 8.0;
				MTL_ENABLE_DEBUG_INFO = YES;
				ONLY_ACTIVE_ARCH = YES;
				SDKROOT = iphoneos;
				SWIFT_ACTIVE_COMPILATION_CONDITIONS = DEBUG;
				SWIFT_OPTIMIZATION_LEVEL = "-Onone";
			};
			name = Debug;
		};
		77222D7F1DD406E000B29165 /* Release */ = {
			isa = XCBuildConfiguration;
			buildSettings = {
				ALWAYS_SEARCH_USER_PATHS = NO;
				CLANG_ANALYZER_NONNULL = YES;
				CLANG_CXX_LANGUAGE_STANDARD = "gnu++0x";
				CLANG_CXX_LIBRARY = "libc++";
				CLANG_ENABLE_MODULES = YES;
				CLANG_ENABLE_OBJC_ARC = YES;
				CLANG_WARN_BOOL_CONVERSION = YES;
				CLANG_WARN_CONSTANT_CONVERSION = YES;
				CLANG_WARN_DIRECT_OBJC_ISA_USAGE = YES_ERROR;
				CLANG_WARN_DOCUMENTATION_COMMENTS = YES;
				CLANG_WARN_EMPTY_BODY = YES;
				CLANG_WARN_ENUM_CONVERSION = YES;
				CLANG_WARN_INFINITE_RECURSION = YES;
				CLANG_WARN_INT_CONVERSION = YES;
				CLANG_WARN_OBJC_ROOT_CLASS = YES_ERROR;
				CLANG_WARN_SUSPICIOUS_MOVE = YES;
				CLANG_WARN_SUSPICIOUS_MOVES = YES;
				CLANG_WARN_UNREACHABLE_CODE = YES;
				CLANG_WARN__DUPLICATE_METHOD_MATCH = YES;
				"CODE_SIGN_IDENTITY[sdk=iphoneos*]" = "iPhone Developer";
				COPY_PHASE_STRIP = NO;
				DEBUG_INFORMATION_FORMAT = "dwarf-with-dsym";
				ENABLE_NS_ASSERTIONS = NO;
				ENABLE_STRICT_OBJC_MSGSEND = YES;
				GCC_C_LANGUAGE_STANDARD = gnu99;
				GCC_NO_COMMON_BLOCKS = YES;
				GCC_WARN_64_TO_32_BIT_CONVERSION = YES;
				GCC_WARN_ABOUT_RETURN_TYPE = YES_ERROR;
				GCC_WARN_UNDECLARED_SELECTOR = YES;
				GCC_WARN_UNINITIALIZED_AUTOS = YES_AGGRESSIVE;
				GCC_WARN_UNUSED_FUNCTION = YES;
				GCC_WARN_UNUSED_VARIABLE = YES;
				IPHONEOS_DEPLOYMENT_TARGET = 8.0;
				MTL_ENABLE_DEBUG_INFO = NO;
				SDKROOT = iphoneos;
				SWIFT_OPTIMIZATION_LEVEL = "-Owholemodule";
				VALIDATE_PRODUCT = YES;
			};
			name = Release;
		};
		77222D811DD406E000B29165 /* Debug */ = {
			isa = XCBuildConfiguration;
			baseConfigurationReference = 12B6F72F1B2BDC0CB94C67E5 /* Pods-SinaSwiftPractice.debug.xcconfig */;
			buildSettings = {
				ASSETCATALOG_COMPILER_APPICON_NAME = AppIcon;
				ASSETCATALOG_COMPILER_LAUNCHIMAGE_NAME = LaunchImage;
				CLANG_ENABLE_MODULES = YES;
				DEVELOPMENT_TEAM = "";
				INFOPLIST_FILE = SinaSwiftPractice/Info.plist;
				IPHONEOS_DEPLOYMENT_TARGET = 9.0;
				LD_RUNPATH_SEARCH_PATHS = "$(inherited) @executable_path/Frameworks";
				PRODUCT_BUNDLE_IDENTIFIER = iOS.sinaPractice;
				PRODUCT_NAME = "$(TARGET_NAME)";
				SWIFT_OBJC_BRIDGING_HEADER = "SinaSwiftPractice/Classes/Tools/Extension/SinaSwiftPractice-Bridging-Header.h";
				SWIFT_OPTIMIZATION_LEVEL = "-Onone";
				SWIFT_VERSION = 3.0;
			};
			name = Debug;
		};
		77222D821DD406E000B29165 /* Release */ = {
			isa = XCBuildConfiguration;
			baseConfigurationReference = E94674E99D48EF399B462D31 /* Pods-SinaSwiftPractice.release.xcconfig */;
			buildSettings = {
				ASSETCATALOG_COMPILER_APPICON_NAME = AppIcon;
				ASSETCATALOG_COMPILER_LAUNCHIMAGE_NAME = LaunchImage;
				CLANG_ENABLE_MODULES = YES;
				DEVELOPMENT_TEAM = "";
				INFOPLIST_FILE = SinaSwiftPractice/Info.plist;
				IPHONEOS_DEPLOYMENT_TARGET = 9.0;
				LD_RUNPATH_SEARCH_PATHS = "$(inherited) @executable_path/Frameworks";
				PRODUCT_BUNDLE_IDENTIFIER = iOS.sinaPractice;
				PRODUCT_NAME = "$(TARGET_NAME)";
				SWIFT_OBJC_BRIDGING_HEADER = "SinaSwiftPractice/Classes/Tools/Extension/SinaSwiftPractice-Bridging-Header.h";
				SWIFT_VERSION = 3.0;
			};
			name = Release;
		};
/* End XCBuildConfiguration section */

/* Begin XCConfigurationList section */
		77222D691DD406E000B29165 /* Build configuration list for PBXProject "SinaSwiftPractice" */ = {
			isa = XCConfigurationList;
			buildConfigurations = (
				77222D7E1DD406E000B29165 /* Debug */,
				77222D7F1DD406E000B29165 /* Release */,
			);
			defaultConfigurationIsVisible = 0;
			defaultConfigurationName = Release;
		};
		77222D801DD406E000B29165 /* Build configuration list for PBXNativeTarget "SinaSwiftPractice" */ = {
			isa = XCConfigurationList;
			buildConfigurations = (
				77222D811DD406E000B29165 /* Debug */,
				77222D821DD406E000B29165 /* Release */,
			);
			defaultConfigurationIsVisible = 0;
			defaultConfigurationName = Release;
		};
/* End XCConfigurationList section */
	};
	rootObject = 77222D661DD406E000B29165 /* Project object */;
}
